github.com/davecgh/go-spew v1.1.0/go.mod h1:J7Y8YcW2NihsgmVo/mv3lAwl/skON4iLHjSsI+c5H38=
github.com/davecgh/go-spew v1.1.1/go.mod h1:J7Y8YcW2NihsgmVo/mv3lAwl/skON4iLHjSsI+c5H38=
github.com/facebookgo/ensure v0.0.0-20160127193407-b4ab57deab51/go.mod h1:Yg+htXGokKKdzcwhuNDwVvN+uBxDGXJ7G/VN1d8fa64=
github.com/facebookgo/stack v0.0.0-20160209184415-751773369052/go.mod h1:UbMTZqLaRiH3MsBH8va0n7s1pQYcu3uTb8G4tygF4Zg=
github.com/facebookgo/subset v0.0.0-20150612182917-8dac2c3c4870/go.mod h1:5tD+neXqOorC30/tWg0LCSkrqj/AR6gu8yY8/fpw1q0=
github.com/go-chi/chi v4.0.0+incompatible h1:SiLLEDyAkqNnw+T/uDTf3aFB9T4FTrwMpuYrgaRcnW4=
github.com/go-chi/chi v4.0.0+incompatible/go.mod h1:eB3wogJHnLi3x/kFX2A+IbTBlXxmMeXJVKy9tTv1XzQ=
github.com/gobuffalo/envy v1.9.0 h1:eZR0DuEgVLfeIb1zIKt3bT4YovIMf9O9LXQeCZLXpqE=
github.com/gobuffalo/envy v1.9.0/go.mod h1:FurDp9+EDPE4aIUS3ZLyD+7/9fpx7YRt/ukY6jIHf0w=
github.com/gorilla/mux v1.7.4 h1:VuZ8uybHlWmqV03+zRzdwKL4tUnIp1MAQtp1mIFE1bc=
github.com/gorilla/mux v1.7.4/go.mod h1:DVbg23sWSpFRCP0SfiEN6jmj59UnW/n46BH5rLB71So=
github.com/joho/godotenv v1.3.0 h1:Zjp+RcGpHhGlrMbJzXTrZZPrWj+1vfm90La1wgB6Bhc=
github.com/joho/godotenv v1.3.0/go.mod h1:7hK45KPybAkOC6peb+G5yklZfMxEjkZhHbwpqxOKXbg=
github.com/kr/pretty v0.1.0/go.mod h1:dAy3ld7l9f0ibDNOQOHHMYYIIbhfbHSm3C4ZsoJORNo=
github.com/kr/pty v1.1.1/go.mod h1:pFQYn66WHrOpPYNljwOMqo10TkYh1fy3cYio2l3bCsQ=
github.com/kr/text v0.1.0/go.mod h1:4Jbv+DJW3UT/LiOwJeYQe1efqtUx/iVham/4vfdArNI=
github.com/mailgun/mailgun-go v2.0.0+incompatible h1:0FoRHWwMUctnd8KIR3vtZbqdfjpIMxOZgcSa51s8F8o=
github.com/mailgun/mailgun-go v2.0.0+incompatible/go.mod h1:NWTyU+O4aczg/nsGhQnvHL6v2n5Gy6Sv5tNDVvC6FbU=
github.com/mailgun/mailgun-go/v4 v4.1.1/go.mod h1:R9kHUQBptF4iSEjhriCQizplCDwrnDShy8w/iPiOfaM=
github.com/mailru/easyjson v0.7.0/go.mod h1:KAzv3t3aY1NaHWoQz1+4F1ccyAH66Jk7yos7ldAVICs=
github.com/pkg/errors v0.8.1 h1:iURUrRGxPUNPdy5/HRSm+Yj6okJ6UtLINN0Q9M4+h3I=
github.com/pkg/errors v0.8.1/go.mod h1:bwawxfHBFNV+L2hUp1rHADufV3IMtnDRdf1r5NINEl0=
github.com/pmezard/go-difflib v1.0.0/go.mod h1:iKH77koFhYxTK1pcRnkKkqfTogsbg7gZNVY4sRDYZ/4=
github.com/rogpeppe/go-internal v1.3.2 h1:XU784Pr0wdahMY2bYcyK6N1KuaRAdLtqD4qd8D18Bfs=
github.com/rogpeppe/go-internal v1.3.2/go.mod h1:xXDCJY+GAPziupqXw64V24skbSoqbTEfhy4qGm1nDQc=
github.com/sendgrid/rest v2.6.0+incompatible h1:a2tyRVS0S5kcY6fVq5ihxOTJiGTQROrqf7SkKbmpYzs=
github.com/sendgrid/rest v2.6.0+incompatible/go.mod h1:kXX7q3jZtJXK5c5qK83bSGMdV6tsOE70KbHoqJls4lE=
github.com/sendgrid/sendgrid-go v3.6.0+incompatible h1:ZSvuHv7JuLnC9iaDubK7iNCfmR4vt8tcbuzsAYQUumo=
github.com/sendgrid/sendgrid-go v3.6.0+incompatible/go.mod h1:QRQt+LX/NmgVEvmdRw0VT/QgUn499+iza2FnDca9fg8=
github.com/stretchr/objx v0.1.0/go.mod h1:HFkY916IF+rwdDfMAkV7OtwuqBVzrE8GR6GFx+wExME=
github.com/stretchr/testify v1.4.0/go.mod h1:j7eGeouHqKxXV5pUuKE4zz7dFj8WfuZ+81PSLYec5m4=
gopkg.in/check.v1 v0.0.0-20161208181325-20d25e280405/go.mod h1:Co6ibVJAznAaIkqp8huTwlJQCZ016jof/cbN4VW5Yz0=
gopkg.in/check.v1 v1.0.0-20180628173108-788fd7840127/go.mod h1:Co6ibVJAznAaIkqp8huTwlJQCZ016jof/cbN4VW5Yz0=
gopkg.in/errgo.v2 v2.1.0/go.mod h1:hNsd1EY+bozCKY1Ytp96fpM3vjJbqLJn88ws8XvfDNI=
gopkg.in/yaml.v2 v2.2.2/go.mod h1:hI93XBmqTisBFMUTm0b8Fm+jr3Dg1NNxqwp+5A1VGuI=
